<?xml version="1.0" encoding="utf-8"?>
<Project ToolsVersion="4.0" xmlns="http://schemas.microsoft.com/developer/msbuild/2003">
  <ItemGroup>
    <Filter Include="Wugargar">
      <UniqueIdentifier>{caae9277-44f9-45d0-99c1-b78e3b3d77c0}</UniqueIdentifier>
    </Filter>
    <Filter Include="Wugargar\Character">
      <UniqueIdentifier>{b896bc76-1371-46ec-a965-943850aed6e2}</UniqueIdentifier>
    </Filter>
    <Filter Include="Wugargar\Map">
      <UniqueIdentifier>{dcc5b102-1d89-403b-977a-969831be8baf}</UniqueIdentifier>
    </Filter>
    <Filter Include="Wugargar\Scene">
      <UniqueIdentifier>{e6417849-9af9-4431-b033-1bffb6deffe8}</UniqueIdentifier>
    </Filter>
    <Filter Include="Wugargar\Util">
      <UniqueIdentifier>{c620c1cc-a26f-428b-989c-4b9b1839272d}</UniqueIdentifier>
    </Filter>
    <Filter Include="Wugargar\Player">
      <UniqueIdentifier>{9a9e4036-5939-4be8-a629-3b9047609cee}</UniqueIdentifier>
    </Filter>
    <Filter Include="Wugargar\AI">
      <UniqueIdentifier>{2d9fb870-8d5a-4dd9-8c2a-3587644dbd31}</UniqueIdentifier>
    </Filter>
    <Filter Include="Wugargar\ExtraContents">
      <UniqueIdentifier>{520b6d71-47b8-4289-98a4-e4cbf03f3d2b}</UniqueIdentifier>
    </Filter>
  </ItemGroup>
  <ItemGroup>
    <ClCompile Include="Character.cpp">
      <Filter>Wugargar\Character</Filter>
    </ClCompile>
    <ClCompile Include="IceZombie.cpp">
      <Filter>Wugargar\Character</Filter>
    </ClCompile>
    <ClCompile Include="KamikazeZombie.cpp">
      <Filter>Wugargar\Character</Filter>
    </ClCompile>
    <ClCompile Include="MuscleZombie.cpp">
      <Filter>Wugargar\Character</Filter>
    </ClCompile>
    <ClCompile Include="NormalPolice.cpp">
      <Filter>Wugargar\Character</Filter>
    </ClCompile>
    <ClCompile Include="Police.cpp">
      <Filter>Wugargar\Character</Filter>
    </ClCompile>
    <ClCompile Include="PoorZombie.cpp">
      <Filter>Wugargar\Character</Filter>
    </ClCompile>
    <ClCompile Include="SmogZombie.cpp">
      <Filter>Wugargar\Character</Filter>
    </ClCompile>
    <ClCompile Include="VomitZombie.cpp">
      <Filter>Wugargar\Character</Filter>
    </ClCompile>
    <ClCompile Include="Zombie.cpp">
      <Filter>Wugargar\Character</Filter>
    </ClCompile>
    <ClCompile Include="Background.cpp">
      <Filter>Wugargar\Map</Filter>
    </ClCompile>
    <ClCompile Include="Base.cpp">
      <Filter>Wugargar\Map</Filter>
    </ClCompile>
    <ClCompile Include="MapCreator.cpp">
      <Filter>Wugargar\Map</Filter>
    </ClCompile>
    <ClCompile Include="NextStageScene.cpp">
      <Filter>Wugargar\Scene</Filter>
    </ClCompile>
    <ClCompile Include="StartScene.cpp">
      <Filter>Wugargar\Scene</Filter>
    </ClCompile>
    <ClCompile Include="PlayScene.cpp">
      <Filter>Wugargar\Scene</Filter>
    </ClCompile>
    <ClCompile Include="PrintConsole.cpp">
      <Filter>Wugargar\Util</Filter>
    </ClCompile>
    <ClCompile Include="UIButton.cpp">
      <Filter>Wugargar\Util</Filter>
    </ClCompile>
    <ClCompile Include="Player.cpp">
      <Filter>Wugargar\Player</Filter>
    </ClCompile>
    <ClCompile Include="CreatePolice.cpp">
      <Filter>Wugargar\AI</Filter>
    </ClCompile>
    <ClCompile Include="Main.cpp" />
    <ClCompile Include="HeroZombie.cpp">
      <Filter>Wugargar\Character</Filter>
    </ClCompile>
    <ClCompile Include="Mine.cpp">
      <Filter>Wugargar\ExtraContents</Filter>
    </ClCompile>
    <ClCompile Include="Trap.cpp">
      <Filter>Wugargar\ExtraContents</Filter>
    </ClCompile>
    <ClCompile Include="MapObstacle.cpp">
      <Filter>Wugargar\ExtraContents</Filter>
    </ClCompile>
    <ClCompile Include="Lightning.cpp">
      <Filter>Wugargar\ExtraContents</Filter>
    </ClCompile>
    <ClCompile Include="HumanInFarm.cpp">
      <Filter>Wugargar\ExtraContents</Filter>
    </ClCompile>
    <ClCompile Include="HumanFarm.cpp">
      <Filter>Wugargar\Map</Filter>
    </ClCompile>
  </ItemGroup>
  <ItemGroup>
    <ClInclude Include="Character.h">
      <Filter>Wugargar\Character</Filter>
    </ClInclude>
    <ClInclude Include="IceZombie.h">
      <Filter>Wugargar\Character</Filter>
    </ClInclude>
    <ClInclude Include="KamikazeZombie.h">
      <Filter>Wugargar\Character</Filter>
    </ClInclude>
    <ClInclude Include="MuscleZombie.h">
      <Filter>Wugargar\Character</Filter>
    </ClInclude>
    <ClInclude Include="NormalPolice.h">
      <Filter>Wugargar\Character</Filter>
    </ClInclude>
    <ClInclude Include="Police.h">
      <Filter>Wugargar\Character</Filter>
    </ClInclude>
    <ClInclude Include="PoorZombie.h">
      <Filter>Wugargar\Character</Filter>
    </ClInclude>
    <ClInclude Include="SmogZombie.h">
      <Filter>Wugargar\Character</Filter>
    </ClInclude>
    <ClInclude Include="VomitZombie.h">
      <Filter>Wugargar\Character</Filter>
    </ClInclude>
    <ClInclude Include="Zombie.h">
      <Filter>Wugargar\Character</Filter>
    </ClInclude>
    <ClInclude Include="Background.h">
      <Filter>Wugargar\Map</Filter>
    </ClInclude>
    <ClInclude Include="Base.h">
      <Filter>Wugargar\Map</Filter>
    </ClInclude>
    <ClInclude Include="MapCreator.h">
      <Filter>Wugargar\Map</Filter>
    </ClInclude>
    <ClInclude Include="GameConfig.h">
      <Filter>Wugargar\Scene</Filter>
    </ClInclude>
    <ClInclude Include="NextStageScene.h">
      <Filter>Wugargar\Scene</Filter>
    </ClInclude>
    <ClInclude Include="StartScene.h">
      <Filter>Wugargar\Scene</Filter>
    </ClInclude>
    <ClInclude Include="PlayScene.h">
      <Filter>Wugargar\Scene</Filter>
    </ClInclude>
    <ClInclude Include="PrintConsole.h">
      <Filter>Wugargar\Util</Filter>
    </ClInclude>
    <ClInclude Include="UIButton.h">
      <Filter>Wugargar\Util</Filter>
    </ClInclude>
    <ClInclude Include="Player.h">
      <Filter>Wugargar\Player</Filter>
    </ClInclude>
    <ClInclude Include="CreatePolice.h">
      <Filter>Wugargar\AI</Filter>
    </ClInclude>
    <ClInclude Include="HeroZombie.h">
      <Filter>Wugargar\Character</Filter>
    </ClInclude>
    <ClInclude Include="Trap.h">
      <Filter>Wugargar\ExtraContents</Filter>
    </ClInclude>
    <ClInclude Include="Mine.h">
      <Filter>Wugargar\ExtraContents</Filter>
    </ClInclude>
    <ClInclude Include="MapObstacle.h">
      <Filter>Wugargar\ExtraContents</Filter>
    </ClInclude>
    <ClInclude Include="Lightning.h">
      <Filter>Wugargar\ExtraContents</Filter>
    </ClInclude>
    <ClInclude Include="HumanInFarm.h">
      <Filter>Wugargar\ExtraContents</Filter>
    </ClInclude>
    <ClInclude Include="HumanFarm.h">
      <Filter>Wugargar\Map</Filter>
    </ClInclude>
  </ItemGroup>
</Project>