
Microsoft Visual Studio Solution File, Format Version 12.00
# Visual Studio 2012
Project("{8BC9CEB8-8B4A-11D0-8D11-00A0C91BC942}") = "Win32ProjectEX2", "Win32ProjectEX2\Win32ProjectEX2.vcxproj", "{EAAE3BCE-F56C-415D-8DD1-0B3143F98CCE}"
EndProject
Global
	GlobalSection(SolutionConfigurationPlatforms) = preSolution
		Debug|Win32 = Debug|Win32
		Release|Win32 = Release|Win32
	EndGlobalSection
	GlobalSection(ProjectConfigurationPlatforms) = postSolution
		{EAAE3BCE-F56C-415D-8DD1-0B3143F98CCE}.Debug|Win32.ActiveCfg = Debug|Win32
		{EAAE3BCE-F56C-415D-8DD1-0B3143F98CCE}.Debug|Win32.Build.0 = Debug|Win32
		{EAAE3BCE-F56C-415D-8DD1-0B3143F98CCE}.Release|Win32.ActiveCfg = Release|Win32
		{EAAE3BCE-F56C-415D-8DD1-0B3143F98CCE}.Release|Win32.Build.0 = Release|Win32
	EndGlobalSection
	GlobalSection(SolutionProperties) = preSolution
		HideSolutionNode = FALSE
	EndGlobalSection
EndGlobal
